
Microsoft Visual Studio Solution File, Format Version 12.00
# Visual Studio 15
VisualStudioVersion = 15.0.28307.1300
MinimumVisualStudioVersion = 10.0.40219.1
Project("{FAE04EC0-301F-11D3-BF4B-00C04F79EFBC}") = "Morra_Cinese_AI", "Morra_Cinese_AI\Morra_Cinese_AI.csproj", "{9098015B-088E-443F-A931-0E8D85B97577}"
EndProject
Global
	GlobalSection(SolutionConfigurationPlatforms) = preSolution
		Debug|Any CPU = Debug|Any CPU
		Release|Any CPU = Release|Any CPU
	EndGlobalSection
	GlobalSection(ProjectConfigurationPlatforms) = postSolution
		{9098015B-088E-443F-A931-0E8D85B97577}.Debug|Any CPU.ActiveCfg = Debug|Any CPU
		{9098015B-088E-443F-A931-0E8D85B97577}.Debug|Any CPU.Build.0 = Debug|Any CPU
		{9098015B-088E-443F-A931-0E8D85B97577}.Release|Any CPU.ActiveCfg = Release|Any CPU
		{9098015B-088E-443F-A931-0E8D85B97577}.Release|Any CPU.Build.0 = Release|Any CPU
	EndGlobalSection
	GlobalSection(SolutionProperties) = preSolution
		HideSolutionNode = FALSE
	EndGlobalSection
	GlobalSection(ExtensibilityGlobals) = postSolution
		SolutionGuid = {8FF1C0B1-E182-4143-84AF-F18EB447F92F}
	EndGlobalSection
EndGlobal
